// !$*UTF8*$!
{
	archiveVersion = 1;
	classes = {
	};
	objectVersion = 51;
	objects = {

/* Begin PBXBuildFile section */
		47A0A689593C3F18DC91B480 /* Pods_VisionTest.framework in Frameworks */ = {isa = PBXBuildFile; fileRef = AAFE013C26DA1F40F6EE0F86 /* Pods_VisionTest.framework */; };
		8D88A11B24DD865800F3566F /* MobileNetV2.mlmodel in Sources */ = {isa = PBXBuildFile; fileRef = 8D88A11A24DD865800F3566F /* MobileNetV2.mlmodel */; };
		8DC0BDEE24DD82E000377079 /* ViewModel.swift in Sources */ = {isa = PBXBuildFile; fileRef = 8DC0BDED24DD82E000377079 /* ViewModel.swift */; };
		8DD6245D24DD817F0086B125 /* AppDelegate.swift in Sources */ = {isa = PBXBuildFile; fileRef = 8DD6245C24DD817F0086B125 /* AppDelegate.swift */; };
		8DD6245F24DD817F0086B125 /* art.scnassets in Resources */ = {isa = PBXBuildFile; fileRef = 8DD6245E24DD817F0086B125 /* art.scnassets */; };
		8DD6246124DD817F0086B125 /* ViewController.swift in Sources */ = {isa = PBXBuildFile; fileRef = 8DD6246024DD817F0086B125 /* ViewController.swift */; };
		8DD6246424DD817F0086B125 /* Main.storyboard in Resources */ = {isa = PBXBuildFile; fileRef = 8DD6246224DD817F0086B125 /* Main.storyboard */; };
		8DD6246624DD81800086B125 /* Assets.xcassets in Resources */ = {isa = PBXBuildFile; fileRef = 8DD6246524DD81800086B125 /* Assets.xcassets */; };
		8DD6246924DD81800086B125 /* LaunchScreen.storyboard in Resources */ = {isa = PBXBuildFile; fileRef = 8DD6246724DD81800086B125 /* LaunchScreen.storyboard */; };
/* End PBXBuildFile section */

/* Begin PBXFileReference section */
		28C4F79E89C3F2648748DCF2 /* Pods-VisionTest.release.xcconfig */ = {isa = PBXFileReference; includeInIndex = 1; lastKnownFileType = text.xcconfig; name = "Pods-VisionTest.release.xcconfig"; path = "Target Support Files/Pods-VisionTest/Pods-VisionTest.release.xcconfig"; sourceTree = "<group>"; };
		8D88A11A24DD865800F3566F /* MobileNetV2.mlmodel */ = {isa = PBXFileReference; lastKnownFileType = file.mlmodel; name = MobileNetV2.mlmodel; path = ../../../../Downloads/MobileNetV2.mlmodel; sourceTree = "<group>"; };
		8DC0BDED24DD82E000377079 /* ViewModel.swift */ = {isa = PBXFileReference; lastKnownFileType = sourcecode.swift; path = ViewModel.swift; sourceTree = "<group>"; };
		8DD6245924DD817F0086B125 /* VisionTest.app */ = {isa = PBXFileReference; explicitFileType = wrapper.application; includeInIndex = 0; path = VisionTest.app; sourceTree = BUILT_PRODUCTS_DIR; };
		8DD6245C24DD817F0086B125 /* AppDelegate.swift */ = {isa = PBXFileReference; lastKnownFileType = sourcecode.swift; path = AppDelegate.swift; sourceTree = "<group>"; };
		8DD6245E24DD817F0086B125 /* art.scnassets */ = {isa = PBXFileReference; lastKnownFileType = wrapper.scnassets; path = art.scnassets; sourceTree = "<group>"; };
		8DD6246024DD817F0086B125 /* ViewController.swift */ = {isa = PBXFileReference; lastKnownFileType = sourcecode.swift; path = ViewController.swift; sourceTree = "<group>"; };
		8DD6246324DD817F0086B125 /* Base */ = {isa = PBXFileReference; lastKnownFileType = file.storyboard; name = Base; path = Base.lproj/Main.storyboard; sourceTree = "<group>"; };
		8DD6246524DD81800086B125 /* Assets.xcassets */ = {isa = PBXFileReference; lastKnownFileType = folder.assetcatalog; path = Assets.xcassets; sourceTree = "<group>"; };
		8DD6246824DD81800086B125 /* Base */ = {isa = PBXFileReference; lastKnownFileType = file.storyboard; name = Base; path = Base.lproj/LaunchScreen.storyboard; sourceTree = "<group>"; };
		8DD6246A24DD81810086B125 /* Info.plist */ = {isa = PBXFileReference; lastKnownFileType = text.plist.xml; path = Info.plist; sourceTree = "<group>"; };
		AAFE013C26DA1F40F6EE0F86 /* Pods_VisionTest.framework */ = {isa = PBXFileReference; explicitFileType = wrapper.framework; includeInIndex = 0; path = Pods_VisionTest.framework; sourceTree = BUILT_PRODUCTS_DIR; };
		FF438644382597CBAEB391D6 /* Pods-VisionTest.debug.xcconfig */ = {isa = PBXFileReference; includeInIndex = 1; lastKnownFileType = text.xcconfig; name = "Pods-VisionTest.debug.xcconfig"; path = "Target Support Files/Pods-VisionTest/Pods-VisionTest.debug.xcconfig"; sourceTree = "<group>"; };
/* End PBXFileReference section */

/* Begin PBXFrameworksBuildPhase section */
		8DD6245624DD817F0086B125 /* Frameworks */ = {
			isa = PBXFrameworksBuildPhase;
			buildActionMask = 2147483647;
			files = (
				47A0A689593C3F18DC91B480 /* Pods_VisionTest.framework in Frameworks */,
			);
			runOnlyForDeploymentPostprocessing = 0;
		};
/* End PBXFrameworksBuildPhase section */

/* Begin PBXGroup section */
		34F69A524444A19BF187006C /* Pods */ = {
			isa = PBXGroup;
			children = (
				FF438644382597CBAEB391D6 /* Pods-VisionTest.debug.xcconfig */,
				28C4F79E89C3F2648748DCF2 /* Pods-VisionTest.release.xcconfig */,
			);
			path = Pods;
			sourceTree = "<group>";
		};
		8DC0BDE924DD828B00377079 /* ViewController */ = {
			isa = PBXGroup;
			children = (
				8DD6246024DD817F0086B125 /* ViewController.swift */,
			);
			path = ViewController;
			sourceTree = "<group>";
		};
		8DC0BDEB24DD829A00377079 /* ViewModel */ = {
			isa = PBXGroup;
			children = (
				8DC0BDED24DD82E000377079 /* ViewModel.swift */,
			);
			path = ViewModel;
			sourceTree = "<group>";
		};
		8DC0BDEC24DD829F00377079 /* Model */ = {
			isa = PBXGroup;
			children = (
			);
			path = Model;
			sourceTree = "<group>";
		};
		8DD6245024DD817F0086B125 = {
			isa = PBXGroup;
			children = (
				8DD6245B24DD817F0086B125 /* VisionTest */,
				8DD6245A24DD817F0086B125 /* Products */,
				34F69A524444A19BF187006C /* Pods */,
				D13953A228A0060C993CD46F /* Frameworks */,
			);
			sourceTree = "<group>";
		};
		8DD6245A24DD817F0086B125 /* Products */ = {
			isa = PBXGroup;
			children = (
				8DD6245924DD817F0086B125 /* VisionTest.app */,
			);
			name = Products;
			sourceTree = "<group>";
		};
		8DD6245B24DD817F0086B125 /* VisionTest */ = {
			isa = PBXGroup;
			children = (
				8DD6245C24DD817F0086B125 /* AppDelegate.swift */,
				8D88A11A24DD865800F3566F /* MobileNetV2.mlmodel */,
				8DC0BDEC24DD829F00377079 /* Model */,
				8DC0BDEB24DD829A00377079 /* ViewModel */,
				8DC0BDE924DD828B00377079 /* ViewController */,
				8DD6245E24DD817F0086B125 /* art.scnassets */,
				8DD6246224DD817F0086B125 /* Main.storyboard */,
				8DD6246524DD81800086B125 /* Assets.xcassets */,
				8DD6246724DD81800086B125 /* LaunchScreen.storyboard */,
				8DD6246A24DD81810086B125 /* Info.plist */,
			);
			path = VisionTest;
			sourceTree = "<group>";
		};
		D13953A228A0060C993CD46F /* Frameworks */ = {
			isa = PBXGroup;
			children = (
				AAFE013C26DA1F40F6EE0F86 /* Pods_VisionTest.framework */,
			);
			name = Frameworks;
			sourceTree = "<group>";
		};
/* End PBXGroup section */

/* Begin PBXNativeTarget section */
		8DD6245824DD817F0086B125 /* VisionTest */ = {
			isa = PBXNativeTarget;
			buildConfigurationList = 8DD6246D24DD81810086B125 /* Build configuration list for PBXNativeTarget "VisionTest" */;
			buildPhases = (
				19B0A25144B64A0AE6054208 /* [CP] Check Pods Manifest.lock */,
				8DD6245524DD817F0086B125 /* Sources */,
				8DD6245624DD817F0086B125 /* Frameworks */,
				8DD6245724DD817F0086B125 /* Resources */,
				10B7E9902A41C5863717873F /* [CP] Embed Pods Frameworks */,
			);
			buildRules = (
			);
			dependencies = (
			);
			name = VisionTest;
			productName = VisionTest;
			productReference = 8DD6245924DD817F0086B125 /* VisionTest.app */;
			productType = "com.apple.product-type.application";
		};
/* End PBXNativeTarget section */

/* Begin PBXProject section */
		8DD6245124DD817F0086B125 /* Project object */ = {
			isa = PBXProject;
			attributes = {
				LastSwiftUpdateCheck = 1150;
				LastUpgradeCheck = 1150;
				ORGANIZATIONNAME = "福山帆士";
				TargetAttributes = {
					8DD6245824DD817F0086B125 = {
						CreatedOnToolsVersion = 11.5;
					};
				};
			};
			buildConfigurationList = 8DD6245424DD817F0086B125 /* Build configuration list for PBXProject "VisionTest" */;
			compatibilityVersion = "Xcode 9.3";
			developmentRegion = en;
			hasScannedForEncodings = 0;
			knownRegions = (
				en,
				Base,
			);
			mainGroup = 8DD6245024DD817F0086B125;
			productRefGroup = 8DD6245A24DD817F0086B125 /* Products */;
			projectDirPath = "";
			projectRoot = "";
			targets = (
				8DD6245824DD817F0086B125 /* VisionTest */,
			);
		};
/* End PBXProject section */

/* Begin PBXResourcesBuildPhase section */
		8DD6245724DD817F0086B125 /* Resources */ = {
			isa = PBXResourcesBuildPhase;
			buildActionMask = 2147483647;
			files = (
				8DD6245F24DD817F0086B125 /* art.scnassets in Resources */,
				8DD6246924DD81800086B125 /* LaunchScreen.storyboard in Resources */,
				8DD6246624DD81800086B125 /* Assets.xcassets in Resources */,
				8DD6246424DD817F0086B125 /* Main.storyboard in Resources */,
			);
			runOnlyForDeploymentPostprocessing = 0;
		};
/* End PBXResourcesBuildPhase section */

/* Begin PBXShellScriptBuildPhase section */
		10B7E9902A41C5863717873F /* [CP] Embed Pods Frameworks */ = {
			isa = PBXShellScriptBuildPhase;
			buildActionMask = 2147483647;
			files = (
			);
			inputFileListPaths = (
				"${PODS_ROOT}/Target Support Files/Pods-VisionTest/Pods-VisionTest-frameworks-${CONFIGURATION}-input-files.xcfilelist",
			);
			name = "[CP] Embed Pods Frameworks";
			outputFileListPaths = (
				"${PODS_ROOT}/Target Support Files/Pods-VisionTest/Pods-VisionTest-frameworks-${CONFIGURATION}-output-files.xcfilelist",
			);
			runOnlyForDeploymentPostprocessing = 0;
			shellPath = /bin/sh;
			shellScript = "\"${PODS_ROOT}/Target Support Files/Pods-VisionTest/Pods-VisionTest-frameworks.sh\"\n";
			showEnvVarsInLog = 0;
		};
		19B0A25144B64A0AE6054208 /* [CP] Check Pods Manifest.lock */ = {
			isa = PBXShellScriptBuildPhase;
			buildActionMask = 2147483647;
			files = (
			);
			inputFileListPaths = (
			);
			inputPaths = (
				"${PODS_PODFILE_DIR_PATH}/Podfile.lock",
				"${PODS_ROOT}/Manifest.lock",
			);
			name = "[CP] Check Pods Manifest.lock";
			outputFileListPaths = (
			);
			outputPaths = (
				"$(DERIVED_FILE_DIR)/Pods-VisionTest-checkManifestLockResult.txt",
			);
			runOnlyForDeploymentPostprocessing = 0;
			shellPath = /bin/sh;
			shellScript = "diff \"${PODS_PODFILE_DIR_PATH}/Podfile.lock\" \"${PODS_ROOT}/Manifest.lock\" > /dev/null\nif [ $? != 0 ] ; then\n    # print error to STDERR\n    echo \"error: The sandbox is not in sync with the Podfile.lock. Run 'pod install' or update your CocoaPods installation.\" >&2\n    exit 1\nfi\n# This output is used by Xcode 'outputs' to avoid re-running this script phase.\necho \"SUCCESS\" > \"${SCRIPT_OUTPUT_FILE_0}\"\n";
			showEnvVarsInLog = 0;
		};
/* End PBXShellScriptBuildPhase section */

/* Begin PBXSourcesBuildPhase section */
		8DD6245524DD817F0086B125 /* Sources */ = {
			isa = PBXSourcesBuildPhase;
			buildActionMask = 2147483647;
			files = (
				8DD6246124DD817F0086B125 /* ViewController.swift in Sources */,
				8DC0BDEE24DD82E000377079 /* ViewModel.swift in Sources */,
				8D88A11B24DD865800F3566F /* MobileNetV2.mlmodel in Sources */,
				8DD6245D24DD817F0086B125 /* AppDelegate.swift in Sources */,
			);
			runOnlyForDeploymentPostprocessing = 0;
		};
/* End PBXSourcesBuildPhase section */

/* Begin PBXVariantGroup section */
		8DD6246224DD817F0086B125 /* Main.storyboard */ = {
			isa = PBXVariantGroup;
			children = (
				8DD6246324DD817F0086B125 /* Base */,
			);
			name = Main.storyboard;
			sourceTree = "<group>";
		};
		8DD6246724DD81800086B125 /* LaunchScreen.storyboard */ = {
			isa = PBXVariantGroup;
			children = (
				8DD6246824DD81800086B125 /* Base */,
			);
			name = LaunchScreen.storyboard;
			sourceTree = "<group>";
		};
/* End PBXVariantGroup section */

/* Begin XCBuildConfiguration section */
		8DD6246B24DD81810086B125 /* Debug */ = {
			isa = XCBuildConfiguration;
			buildSettings = {
				ALWAYS_SEARCH_USER_PATHS = NO;
				CLANG_ANALYZER_NONNULL = YES;
				CLANG_ANALYZER_NUMBER_OBJECT_CONVERSION = YES_AGGRESSIVE;
				CLANG_CXX_LANGUAGE_STANDARD = "gnu++14";
				CLANG_CXX_LIBRARY = "libc++";
				CLANG_ENABLE_MODULES = YES;
				CLANG_ENABLE_OBJC_ARC = YES;
				CLANG_ENABLE_OBJC_WEAK = YES;
				CLANG_WARN_BLOCK_CAPTURE_AUTORELEASING = YES;
				CLANG_WARN_BOOL_CONVERSION = YES;
				CLANG_WARN_COMMA = YES;
				CLANG_WARN_CONSTANT_CONVERSION = YES;
				CLANG_WARN_DEPRECATED_OBJC_IMPLEMENTATIONS = YES;
				CLANG_WARN_DIRECT_OBJC_ISA_USAGE = YES_ERROR;
				CLANG_WARN_DOCUMENTATION_COMMENTS = YES;
				CLANG_WARN_EMPTY_BODY = YES;
				CLANG_WARN_ENUM_CONVERSION = YES;
				CLANG_WARN_INFINITE_RECURSION = YES;
				CLANG_WARN_INT_CONVERSION = YES;
				CLANG_WARN_NON_LITERAL_NULL_CONVERSION = YES;
				CLANG_WARN_OBJC_IMPLICIT_RETAIN_SELF = YES;
				CLANG_WARN_OBJC_LITERAL_CONVERSION = YES;
				CLANG_WARN_OBJC_ROOT_CLASS = YES_ERROR;
				CLANG_WARN_RANGE_LOOP_ANALYSIS = YES;
				CLANG_WARN_STRICT_PROTOTYPES = YES;
				CLANG_WARN_SUSPICIOUS_MOVE = YES;
				CLANG_WARN_UNGUARDED_AVAILABILITY = YES_AGGRESSIVE;
				CLANG_WARN_UNREACHABLE_CODE = YES;
				CLANG_WARN__DUPLICATE_METHOD_MATCH = YES;
				COPY_PHASE_STRIP = NO;
				DEBUG_INFORMATION_FORMAT = dwarf;
				ENABLE_STRICT_OBJC_MSGSEND = YES;
				ENABLE_TESTABILITY = YES;
				GCC_C_LANGUAGE_STANDARD = gnu11;
				GCC_DYNAMIC_NO_PIC = NO;
				GCC_NO_COMMON_BLOCKS = YES;
				GCC_OPTIMIZATION_LEVEL = 0;
				GCC_PREPROCESSOR_DEFINITIONS = (
					"DEBUG=1",
					"$(inherited)",
				);
				GCC_WARN_64_TO_32_BIT_CONVERSION = YES;
				GCC_WARN_ABOUT_RETURN_TYPE = YES_ERROR;
				GCC_WARN_UNDECLARED_SELECTOR = YES;
				GCC_WARN_UNINITIALIZED_AUTOS = YES_AGGRESSIVE;
				GCC_WARN_UNUSED_FUNCTION = YES;
				GCC_WARN_UNUSED_VARIABLE = YES;
				IPHONEOS_DEPLOYMENT_TARGET = 13.5;
				MTL_ENABLE_DEBUG_INFO = INCLUDE_SOURCE;
				MTL_FAST_MATH = YES;
				ONLY_ACTIVE_ARCH = YES;
				SDKROOT = iphoneos;
				SWIFT_ACTIVE_COMPILATION_CONDITIONS = DEBUG;
				SWIFT_OPTIMIZATION_LEVEL = "-Onone";
			};
			name = Debug;
		};
		8DD6246C24DD81810086B125 /* Release */ = {
			isa = XCBuildConfiguration;
			buildSettings = {
				ALWAYS_SEARCH_USER_PATHS = NO;
				CLANG_ANALYZER_NONNULL = YES;
				CLANG_ANALYZER_NUMBER_OBJECT_CONVERSION = YES_AGGRESSIVE;
				CLANG_CXX_LANGUAGE_STANDARD = "gnu++14";
				CLANG_CXX_LIBRARY = "libc++";
				CLANG_ENABLE_MODULES = YES;
				CLANG_ENABLE_OBJC_ARC = YES;
				CLANG_ENABLE_OBJC_WEAK = YES;
				CLANG_WARN_BLOCK_CAPTURE_AUTORELEASING = YES;
				CLANG_WARN_BOOL_CONVERSION = YES;
				CLANG_WARN_COMMA = YES;
				CLANG_WARN_CONSTANT_CONVERSION = YES;
				CLANG_WARN_DEPRECATED_OBJC_IMPLEMENTATIONS = YES;
				CLANG_WARN_DIRECT_OBJC_ISA_USAGE = YES_ERROR;
				CLANG_WARN_DOCUMENTATION_COMMENTS = YES;
				CLANG_WARN_EMPTY_BODY = YES;
				CLANG_WARN_ENUM_CONVERSION = YES;
				CLANG_WARN_INFINITE_RECURSION = YES;
				CLANG_WARN_INT_CONVERSION = YES;
				CLANG_WARN_NON_LITERAL_NULL_CONVERSION = YES;
				CLANG_WARN_OBJC_IMPLICIT_RETAIN_SELF = YES;
				CLANG_WARN_OBJC_LITERAL_CONVERSION = YES;
				CLANG_WARN_OBJC_ROOT_CLASS = YES_ERROR;
				CLANG_WARN_RANGE_LOOP_ANALYSIS = YES;
				CLANG_WARN_STRICT_PROTOTYPES = YES;
				CLANG_WARN_SUSPICIOUS_MOVE = YES;
				CLANG_WARN_UNGUARDED_AVAILABILITY = YES_AGGRESSIVE;
				CLANG_WARN_UNREACHABLE_CODE = YES;
				CLANG_WARN__DUPLICATE_METHOD_MATCH = YES;
				COPY_PHASE_STRIP = NO;
				DEBUG_INFORMATION_FORMAT = "dwarf-with-dsym";
				ENABLE_NS_ASSERTIONS = NO;
				ENABLE_STRICT_OBJC_MSGSEND = YES;
				GCC_C_LANGUAGE_STANDARD = gnu11;
				GCC_NO_COMMON_BLOCKS = YES;
				GCC_WARN_64_TO_32_BIT_CONVERSION = YES;
				GCC_WARN_ABOUT_RETURN_TYPE = YES_ERROR;
				GCC_WARN_UNDECLARED_SELECTOR = YES;
				GCC_WARN_UNINITIALIZED_AUTOS = YES_AGGRESSIVE;
				GCC_WARN_UNUSED_FUNCTION = YES;
				GCC_WARN_UNUSED_VARIABLE = YES;
				IPHONEOS_DEPLOYMENT_TARGET = 13.5;
				MTL_ENABLE_DEBUG_INFO = NO;
				MTL_FAST_MATH = YES;
				SDKROOT = iphoneos;
				SWIFT_COMPILATION_MODE = wholemodule;
				SWIFT_OPTIMIZATION_LEVEL = "-O";
				VALIDATE_PRODUCT = YES;
			};
			name = Release;
		};
		8DD6246E24DD81810086B125 /* Debug */ = {
			isa = XCBuildConfiguration;
			baseConfigurationReference = FF438644382597CBAEB391D6 /* Pods-VisionTest.debug.xcconfig */;
			buildSettings = {
				ASSETCATALOG_COMPILER_APPICON_NAME = AppIcon;
				CODE_SIGN_STYLE = Automatic;
				DEVELOPMENT_TEAM = 892RDRHR25;
				INFOPLIST_FILE = VisionTest/Info.plist;
				LD_RUNPATH_SEARCH_PATHS = (
					"$(inherited)",
					"@executable_path/Frameworks",
				);
				PRODUCT_BUNDLE_IDENTIFIER = hoshi.fukuyama.VisionTest;
				PRODUCT_NAME = "$(TARGET_NAME)";
				SWIFT_VERSION = 5.0;
				TARGETED_DEVICE_FAMILY = "1,2";
			};
			name = Debug;
		};
		8DD6246F24DD81810086B125 /* Release */ = {
			isa = XCBuildConfiguration;
			baseConfigurationReference = 28C4F79E89C3F2648748DCF2 /* Pods-VisionTest.release.xcconfig */;
			buildSettings = {
				ASSETCATALOG_COMPILER_APPICON_NAME = AppIcon;
				CODE_SIGN_STYLE = Automatic;
				DEVELOPMENT_TEAM = 892RDRHR25;
				INFOPLIST_FILE = VisionTest/Info.plist;
				LD_RUNPATH_SEARCH_PATHS = (
					"$(inherited)",
					"@executable_path/Frameworks",
				);
				PRODUCT_BUNDLE_IDENTIFIER = hoshi.fukuyama.VisionTest;
				PRODUCT_NAME = "$(TARGET_NAME)";
				SWIFT_VERSION = 5.0;
				TARGETED_DEVICE_FAMILY = "1,2";
			};
			name = Release;
		};
/* End XCBuildConfiguration section */

/* Begin XCConfigurationList section */
		8DD6245424DD817F0086B125 /* Build configuration list for PBXProject "VisionTest" */ = {
			isa = XCConfigurationList;
			buildConfigurations = (
				8DD6246B24DD81810086B125 /* Debug */,
				8DD6246C24DD81810086B125 /* Release */,
			);
			defaultConfigurationIsVisible = 0;
			defaultConfigurationName = Release;
		};
		8DD6246D24DD81810086B125 /* Build configuration list for PBXNativeTarget "VisionTest" */ = {
			isa = XCConfigurationList;
			buildConfigurations = (
				8DD6246E24DD81810086B125 /* Debug */,
				8DD6246F24DD81810086B125 /* Release */,
			);
			defaultConfigurationIsVisible = 0;
			defaultConfigurationName = Release;
		};
/* End XCConfigurationList section */
	};
	rootObject = 8DD6245124DD817F0086B125 /* Project object */;
}
